// !$*UTF8*$!
{
	archiveVersion = 1;
	classes = {
	};
	objectVersion = 46;
	objects = {

/* Begin PBXBuildFile section */
		451301CF1D6605A900295F59 /* AppDelegate.swift in Sources */ = {isa = PBXBuildFile; fileRef = 451301CE1D6605A900295F59 /* AppDelegate.swift */; };
		451301D11D6605A900295F59 /* ViewController.swift in Sources */ = {isa = PBXBuildFile; fileRef = 451301D01D6605A900295F59 /* ViewController.swift */; };
		451301D41D6605A900295F59 /* Main.storyboard in Resources */ = {isa = PBXBuildFile; fileRef = 451301D21D6605A900295F59 /* Main.storyboard */; };
		451301D61D6605A900295F59 /* Assets.xcassets in Resources */ = {isa = PBXBuildFile; fileRef = 451301D51D6605A900295F59 /* Assets.xcassets */; };
		451301D91D6605A900295F59 /* LaunchScreen.storyboard in Resources */ = {isa = PBXBuildFile; fileRef = 451301D71D6605A900295F59 /* LaunchScreen.storyboard */; };
		451301E31D66074500295F59 /* xiaolan.png in Resources */ = {isa = PBXBuildFile; fileRef = 451301E11D66074500295F59 /* xiaolan.png */; };
		451301E41D66074500295F59 /* qushui.png in Resources */ = {isa = PBXBuildFile; fileRef = 451301E21D66074500295F59 /* qushui.png */; };
		451301E61D66076600295F59 /* RGB32.swift in Sources */ = {isa = PBXBuildFile; fileRef = 451301E51D66076600295F59 /* RGB32.swift */; };
/* End PBXBuildFile section */

/* Begin PBXFileReference section */
		451301CB1D6605A900295F59 /* SteganographySwiftDemo.app */ = {isa = PBXFileReference; explicitFileType = wrapper.application; includeInIndex = 0; path = SteganographySwiftDemo.app; sourceTree = BUILT_PRODUCTS_DIR; };
		451301CE1D6605A900295F59 /* AppDelegate.swift */ = {isa = PBXFileReference; lastKnownFileType = sourcecode.swift; path = AppDelegate.swift; sourceTree = "<group>"; };
		451301D01D6605A900295F59 /* ViewController.swift */ = {isa = PBXFileReference; lastKnownFileType = sourcecode.swift; path = ViewController.swift; sourceTree = "<group>"; };
		451301D31D6605A900295F59 /* Base */ = {isa = PBXFileReference; lastKnownFileType = file.storyboard; name = Base; path = Base.lproj/Main.storyboard; sourceTree = "<group>"; };
		451301D51D6605A900295F59 /* Assets.xcassets */ = {isa = PBXFileReference; lastKnownFileType = folder.assetcatalog; path = Assets.xcassets; sourceTree = "<group>"; };
		451301D81D6605A900295F59 /* Base */ = {isa = PBXFileReference; lastKnownFileType = file.storyboard; name = Base; path = Base.lproj/LaunchScreen.storyboard; sourceTree = "<group>"; };
		451301DA1D6605A900295F59 /* Info.plist */ = {isa = PBXFileReference; lastKnownFileType = text.plist.xml; path = Info.plist; sourceTree = "<group>"; };
		451301E11D66074500295F59 /* xiaolan.png */ = {isa = PBXFileReference; lastKnownFileType = image.png; path = xiaolan.png; sourceTree = "<group>"; };
		451301E21D66074500295F59 /* qushui.png */ = {isa = PBXFileReference; lastKnownFileType = image.png; path = qushui.png; sourceTree = "<group>"; };
		451301E51D66076600295F59 /* RGB32.swift */ = {isa = PBXFileReference; fileEncoding = 4; lastKnownFileType = sourcecode.swift; path = RGB32.swift; sourceTree = "<group>"; };
/* End PBXFileReference section */

/* Begin PBXFrameworksBuildPhase section */
		451301C81D6605A900295F59 /* Frameworks */ = {
			isa = PBXFrameworksBuildPhase;
			buildActionMask = 2147483647;
			files = (
			);
			runOnlyForDeploymentPostprocessing = 0;
		};
/* End PBXFrameworksBuildPhase section */

/* Begin PBXGroup section */
		451301C21D6605A900295F59 = {
			isa = PBXGroup;
			children = (
				451301CD1D6605A900295F59 /* SteganographySwiftDemo */,
				451301CC1D6605A900295F59 /* Products */,
			);
			sourceTree = "<group>";
		};
		451301CC1D6605A900295F59 /* Products */ = {
			isa = PBXGroup;
			children = (
				451301CB1D6605A900295F59 /* SteganographySwiftDemo.app */,
			);
			name = Products;
			sourceTree = "<group>";
		};
		451301CD1D6605A900295F59 /* SteganographySwiftDemo */ = {
			isa = PBXGroup;
			children = (
				451301E51D66076600295F59 /* RGB32.swift */,
				451301D01D6605A900295F59 /* ViewController.swift */,
				451301D21D6605A900295F59 /* Main.storyboard */,
				451301E11D66074500295F59 /* xiaolan.png */,
				451301E21D66074500295F59 /* qushui.png */,
				451301E01D6605BC00295F59 /* Supporting */,
			);
			path = SteganographySwiftDemo;
			sourceTree = "<group>";
		};
		451301E01D6605BC00295F59 /* Supporting */ = {
			isa = PBXGroup;
			children = (
				451301CE1D6605A900295F59 /* AppDelegate.swift */,
				451301D51D6605A900295F59 /* Assets.xcassets */,
				451301D71D6605A900295F59 /* LaunchScreen.storyboard */,
				451301DA1D6605A900295F59 /* Info.plist */,
			);
			name = Supporting;
			sourceTree = "<group>";
		};
/* End PBXGroup section */

/* Begin PBXNativeTarget section */
		451301CA1D6605A900295F59 /* SteganographySwiftDemo */ = {
			isa = PBXNativeTarget;
			buildConfigurationList = 451301DD1D6605A900295F59 /* Build configuration list for PBXNativeTarget "SteganographySwiftDemo" */;
			buildPhases = (
				451301C71D6605A900295F59 /* Sources */,
				451301C81D6605A900295F59 /* Frameworks */,
				451301C91D6605A900295F59 /* Resources */,
			);
			buildRules = (
			);
			dependencies = (
			);
			name = SteganographySwiftDemo;
			productName = SteganographySwiftDemo;
			productReference = 451301CB1D6605A900295F59 /* SteganographySwiftDemo.app */;
			productType = "com.apple.product-type.application";
		};
/* End PBXNativeTarget section */

/* Begin PBXProject section */
		451301C31D6605A900295F59 /* Project object */ = {
			isa = PBXProject;
			attributes = {
				LastSwiftUpdateCheck = 0730;
				LastUpgradeCheck = 0730;
				ORGANIZATIONNAME = LC;
				TargetAttributes = {
					451301CA1D6605A900295F59 = {
						CreatedOnToolsVersion = 7.3;
					};
				};
			};
			buildConfigurationList = 451301C61D6605A900295F59 /* Build configuration list for PBXProject "SteganographySwiftDemo" */;
			compatibilityVersion = "Xcode 3.2";
			developmentRegion = English;
			hasScannedForEncodings = 0;
			knownRegions = (
				en,
				Base,
			);
			mainGroup = 451301C21D6605A900295F59;
			productRefGroup = 451301CC1D6605A900295F59 /* Products */;
			projectDirPath = "";
			projectRoot = "";
			targets = (
				451301CA1D6605A900295F59 /* SteganographySwiftDemo */,
			);
		};
/* End PBXProject section */

/* Begin PBXResourcesBuildPhase section */
		451301C91D6605A900295F59 /* Resources */ = {
			isa = PBXResourcesBuildPhase;
			buildActionMask = 2147483647;
			files = (
				451301D91D6605A900295F59 /* LaunchScreen.storyboard in Resources */,
				451301D61D6605A900295F59 /* Assets.xcassets in Resources */,
				451301E41D66074500295F59 /* qushui.png in Resources */,
				451301E31D66074500295F59 /* xiaolan.png in Resources */,
				451301D41D6605A900295F59 /* Main.storyboard in Resources */,
			);
			runOnlyForDeploymentPostprocessing = 0;
		};
/* End PBXResourcesBuildPhase section */

/* Begin PBXSourcesBuildPhase section */
		451301C71D6605A900295F59 /* Sources */ = {
			isa = PBXSourcesBuildPhase;
			buildActionMask = 2147483647;
			files = (
				451301E61D66076600295F59 /* RGB32.swift in Sources */,
				451301D11D6605A900295F59 /* ViewController.swift in Sources */,
				451301CF1D6605A900295F59 /* AppDelegate.swift in Sources */,
			);
			runOnlyForDeploymentPostprocessing = 0;
		};
/* End PBXSourcesBuildPhase section */

/* Begin PBXVariantGroup section */
		451301D21D6605A900295F59 /* Main.storyboard */ = {
			isa = PBXVariantGroup;
			children = (
				451301D31D6605A900295F59 /* Base */,
			);
			name = Main.storyboard;
			sourceTree = "<group>";
		};
		451301D71D6605A900295F59 /* LaunchScreen.storyboard */ = {
			isa = PBXVariantGroup;
			children = (
				451301D81D6605A900295F59 /* Base */,
			);
			name = LaunchScreen.storyboard;
			sourceTree = "<group>";
		};
/* End PBXVariantGroup section */

/* Begin XCBuildConfiguration section */
		451301DB1D6605A900295F59 /* Debug */ = {
			isa = XCBuildConfiguration;
			buildSettings = {
				ALWAYS_SEARCH_USER_PATHS = NO;
				CLANG_ANALYZER_NONNULL = YES;
				CLANG_CXX_LANGUAGE_STANDARD = "gnu++0x";
				CLANG_CXX_LIBRARY = "libc++";
				CLANG_ENABLE_MODULES = YES;
				CLANG_ENABLE_OBJC_ARC = YES;
				CLANG_WARN_BOOL_CONVERSION = YES;
				CLANG_WARN_CONSTANT_CONVERSION = YES;
				CLANG_WARN_DIRECT_OBJC_ISA_USAGE = YES_ERROR;
				CLANG_WARN_EMPTY_BODY = YES;
				CLANG_WARN_ENUM_CONVERSION = YES;
				CLANG_WARN_INT_CONVERSION = YES;
				CLANG_WARN_OBJC_ROOT_CLASS = YES_ERROR;
				CLANG_WARN_UNREACHABLE_CODE = YES;
				CLANG_WARN__DUPLICATE_METHOD_MATCH = YES;
				"CODE_SIGN_IDENTITY[sdk=iphoneos*]" = "iPhone Developer";
				COPY_PHASE_STRIP = NO;
				DEBUG_INFORMATION_FORMAT = dwarf;
				ENABLE_STRICT_OBJC_MSGSEND = YES;
				ENABLE_TESTABILITY = YES;
				GCC_C_LANGUAGE_STANDARD = gnu99;
				GCC_DYNAMIC_NO_PIC = NO;
				GCC_NO_COMMON_BLOCKS = YES;
				GCC_OPTIMIZATION_LEVEL = 0;
				GCC_PREPROCESSOR_DEFINITIONS = (
					"DEBUG=1",
					"$(inherited)",
				);
				GCC_WARN_64_TO_32_BIT_CONVERSION = YES;
				GCC_WARN_ABOUT_RETURN_TYPE = YES_ERROR;
				GCC_WARN_UNDECLARED_SELECTOR = YES;
				GCC_WARN_UNINITIALIZED_AUTOS = YES_AGGRESSIVE;
				GCC_WARN_UNUSED_FUNCTION = YES;
				GCC_WARN_UNUSED_VARIABLE = YES;
				IPHONEOS_DEPLOYMENT_TARGET = 9.3;
				MTL_ENABLE_DEBUG_INFO = YES;
				ONLY_ACTIVE_ARCH = YES;
				SDKROOT = iphoneos;
				SWIFT_OPTIMIZATION_LEVEL = "-Onone";
				TARGETED_DEVICE_FAMILY = "1,2";
			};
			name = Debug;
		};
		451301DC1D6605A900295F59 /* Release */ = {
			isa = XCBuildConfiguration;
			buildSettings = {
				ALWAYS_SEARCH_USER_PATHS = NO;
				CLANG_ANALYZER_NONNULL = YES;
				CLANG_CXX_LANGUAGE_STANDARD = "gnu++0x";
				CLANG_CXX_LIBRARY = "libc++";
				CLANG_ENABLE_MODULES = YES;
				CLANG_ENABLE_OBJC_ARC = YES;
				CLANG_WARN_BOOL_CONVERSION = YES;
				CLANG_WARN_CONSTANT_CONVERSION = YES;
				CLANG_WARN_DIRECT_OBJC_ISA_USAGE = YES_ERROR;
				CLANG_WARN_EMPTY_BODY = YES;
				CLANG_WARN_ENUM_CONVERSION = YES;
				CLANG_WARN_INT_CONVERSION = YES;
				CLANG_WARN_OBJC_ROOT_CLASS = YES_ERROR;
				CLANG_WARN_UNREACHABLE_CODE = YES;
				CLANG_WARN__DUPLICATE_METHOD_MATCH = YES;
				"CODE_SIGN_IDENTITY[sdk=iphoneos*]" = "iPhone Developer";
				COPY_PHASE_STRIP = NO;
				DEBUG_INFORMATION_FORMAT = "dwarf-with-dsym";
				ENABLE_NS_ASSERTIONS = NO;
				ENABLE_STRICT_OBJC_MSGSEND = YES;
				GCC_C_LANGUAGE_STANDARD = gnu99;
				GCC_NO_COMMON_BLOCKS = YES;
				GCC_WARN_64_TO_32_BIT_CONVERSION = YES;
				GCC_WARN_ABOUT_RETURN_TYPE = YES_ERROR;
				GCC_WARN_UNDECLARED_SELECTOR = YES;
				GCC_WARN_UNINITIALIZED_AUTOS = YES_AGGRESSIVE;
				GCC_WARN_UNUSED_FUNCTION = YES;
				GCC_WARN_UNUSED_VARIABLE = YES;
				IPHONEOS_DEPLOYMENT_TARGET = 9.3;
				MTL_ENABLE_DEBUG_INFO = NO;
				SDKROOT = iphoneos;
				TARGETED_DEVICE_FAMILY = "1,2";
				VALIDATE_PRODUCT = YES;
			};
			name = Release;
		};
		451301DE1D6605A900295F59 /* Debug */ = {
			isa = XCBuildConfiguration;
			buildSettings = {
				ASSETCATALOG_COMPILER_APPICON_NAME = AppIcon;
				CODE_SIGN_IDENTITY = "iPhone Developer";
				INFOPLIST_FILE = SteganographySwiftDemo/Info.plist;
				LD_RUNPATH_SEARCH_PATHS = "$(inherited) @executable_path/Frameworks";
				PRODUCT_BUNDLE_IDENTIFIER = com.ablackcrow.SteganographySwiftDemo;
				PRODUCT_NAME = "$(TARGET_NAME)";
			};
			name = Debug;
		};
		451301DF1D6605A900295F59 /* Release */ = {
			isa = XCBuildConfiguration;
			buildSettings = {
				ASSETCATALOG_COMPILER_APPICON_NAME = AppIcon;
				CODE_SIGN_IDENTITY = "iPhone Developer";
				INFOPLIST_FILE = SteganographySwiftDemo/Info.plist;
				LD_RUNPATH_SEARCH_PATHS = "$(inherited) @executable_path/Frameworks";
				PRODUCT_BUNDLE_IDENTIFIER = com.ablackcrow.SteganographySwiftDemo;
				PRODUCT_NAME = "$(TARGET_NAME)";
			};
			name = Release;
		};
/* End XCBuildConfiguration section */

/* Begin XCConfigurationList section */
		451301C61D6605A900295F59 /* Build configuration list for PBXProject "SteganographySwiftDemo" */ = {
			isa = XCConfigurationList;
			buildConfigurations = (
				451301DB1D6605A900295F59 /* Debug */,
				451301DC1D6605A900295F59 /* Release */,
			);
			defaultConfigurationIsVisible = 0;
			defaultConfigurationName = Release;
		};
		451301DD1D6605A900295F59 /* Build configuration list for PBXNativeTarget "SteganographySwiftDemo" */ = {
			isa = XCConfigurationList;
			buildConfigurations = (
				451301DE1D6605A900295F59 /* Debug */,
				451301DF1D6605A900295F59 /* Release */,
			);
			defaultConfigurationIsVisible = 0;
		};
/* End XCConfigurationList section */
	};
	rootObject = 451301C31D6605A900295F59 /* Project object */;
}
